
Microsoft Visual Studio Solution File, Format Version 12.00
# Visual Studio Version 16
VisualStudioVersion = 16.0.29920.165
MinimumVisualStudioVersion = 10.0.40219.1
Project("{FAE04EC0-301F-11D3-BF4B-00C04F79EFBC}") = "AutofocusDemo", "AutofocusDemo\AutofocusDemo.csproj", "{A097FD05-5B8F-4C5A-9C8E-1E1E560BFE75}"
EndProject
Global
	GlobalSection(SolutionConfigurationPlatforms) = preSolution
		Debug|Any CPU = Debug|Any CPU
		Release|Any CPU = Release|Any CPU
	EndGlobalSection
	GlobalSection(ProjectConfigurationPlatforms) = postSolution
		{A097FD05-5B8F-4C5A-9C8E-1E1E560BFE75}.Debug|Any CPU.ActiveCfg = Debug|Any CPU
		{A097FD05-5B8F-4C5A-9C8E-1E1E560BFE75}.Debug|Any CPU.Build.0 = Debug|Any CPU
		{A097FD05-5B8F-4C5A-9C8E-1E1E560BFE75}.Release|Any CPU.ActiveCfg = Release|Any CPU
		{A097FD05-5B8F-4C5A-9C8E-1E1E560BFE75}.Release|Any CPU.Build.0 = Release|Any CPU
	EndGlobalSection
	GlobalSection(SolutionProperties) = preSolution
		HideSolutionNode = FALSE
	EndGlobalSection
	GlobalSection(ExtensibilityGlobals) = postSolution
		SolutionGuid = {1B526503-6FA8-4098-A099-D1AE558B7B9E}
	EndGlobalSection
EndGlobal
